
Microsoft Visual Studio Solution File, Format Version 12.00
# Visual Studio Version 16
VisualStudioVersion = 16.0.30204.135
MinimumVisualStudioVersion = 10.0.40219.1
Project("{FAE04EC0-301F-11D3-BF4B-00C04F79EFBC}") = "CMSample3", "CMSample3\CMSample3.csproj", "{94E76491-034F-4F93-9F48-0920BEE715AB}"
EndProject
Global
	GlobalSection(SolutionConfigurationPlatforms) = preSolution
		Debug|Any CPU = Debug|Any CPU
		Release|Any CPU = Release|Any CPU
	EndGlobalSection
	GlobalSection(ProjectConfigurationPlatforms) = postSolution
		{94E76491-034F-4F93-9F48-0920BEE715AB}.Debug|Any CPU.ActiveCfg = Debug|Any CPU
		{94E76491-034F-4F93-9F48-0920BEE715AB}.Debug|Any CPU.Build.0 = Debug|Any CPU
		{94E76491-034F-4F93-9F48-0920BEE715AB}.Release|Any CPU.ActiveCfg = Release|Any CPU
		{94E76491-034F-4F93-9F48-0920BEE715AB}.Release|Any CPU.Build.0 = Release|Any CPU
	EndGlobalSection
	GlobalSection(SolutionProperties) = preSolution
		HideSolutionNode = FALSE
	EndGlobalSection
	GlobalSection(ExtensibilityGlobals) = postSolution
		SolutionGuid = {D7825F6F-D214-42E7-BCC5-7D8274815483}
	EndGlobalSection
EndGlobal
